
Microsoft Visual Studio Solution File, Format Version 12.00
# Visual Studio Version 17
VisualStudioVersion = 17.2.32616.157
MinimumVisualStudioVersion = 10.0.40219.1
Project("{9A19103F-16F7-4668-BE54-9A1E7A4F7556}") = "m88responder", "m88responder\m88responder.csproj", "{C50A0888-E2AA-433C-958E-F34133EC894A}"
EndProject
Project("{9A19103F-16F7-4668-BE54-9A1E7A4F7556}") = "M88Parser", "M88Parser\M88Parser.csproj", "{7F096417-6B28-49DB-83FA-F4663B51594A}"
EndProject
Global
	GlobalSection(SolutionConfigurationPlatforms) = preSolution
		Debug|Any CPU = Debug|Any CPU
		Release|Any CPU = Release|Any CPU
	EndGlobalSection
	GlobalSection(ProjectConfigurationPlatforms) = postSolution
		{C50A0888-E2AA-433C-958E-F34133EC894A}.Debug|Any CPU.ActiveCfg = Debug|Any CPU
		{C50A0888-E2AA-433C-958E-F34133EC894A}.Debug|Any CPU.Build.0 = Debug|Any CPU
		{C50A0888-E2AA-433C-958E-F34133EC894A}.Release|Any CPU.ActiveCfg = Release|Any CPU
		{C50A0888-E2AA-433C-958E-F34133EC894A}.Release|Any CPU.Build.0 = Release|Any CPU
		{7F096417-6B28-49DB-83FA-F4663B51594A}.Debug|Any CPU.ActiveCfg = Debug|Any CPU
		{7F096417-6B28-49DB-83FA-F4663B51594A}.Debug|Any CPU.Build.0 = Debug|Any CPU
		{7F096417-6B28-49DB-83FA-F4663B51594A}.Release|Any CPU.ActiveCfg = Release|Any CPU
		{7F096417-6B28-49DB-83FA-F4663B51594A}.Release|Any CPU.Build.0 = Release|Any CPU
	EndGlobalSection
	GlobalSection(SolutionProperties) = preSolution
		HideSolutionNode = FALSE
	EndGlobalSection
	GlobalSection(ExtensibilityGlobals) = postSolution
		SolutionGuid = {6CC78BBC-F6F7-43F2-ABB9-8AB19D5B1E9E}
	EndGlobalSection
EndGlobal
